
Microsoft Visual Studio Solution File, Format Version 12.00
# Visual Studio 15
VisualStudioVersion = 15.0.28307.489
MinimumVisualStudioVersion = 10.0.40219.1
Project("{FAE04EC0-301F-11D3-BF4B-00C04F79EFBC}") = "CompanyProducts.WebAPI", "CompanyProducts.WebAPI\CompanyProducts.WebAPI.csproj", "{48CC4428-0AA7-48F1-9067-9B9E88D92F77}"
EndProject
Project("{FAE04EC0-301F-11D3-BF4B-00C04F79EFBC}") = "CompanyProducts.DataModels", "CompanyProducts.DataModels\CompanyProducts.DataModels.csproj", "{7B188510-9917-4872-8A41-DA0FC386317A}"
EndProject
Project("{FAE04EC0-301F-11D3-BF4B-00C04F79EFBC}") = "CompanyProducts.Data", "CompanyProducts.Data\CompanyProducts.Data.csproj", "{4CE27718-0EF0-48C6-B3DC-D9755A0D8675}"
EndProject
Project("{FAE04EC0-301F-11D3-BF4B-00C04F79EFBC}") = "CompanyProducts.Tests", "CompanyProducts.Tests\CompanyProducts.Tests.csproj", "{D9FFA653-DADA-4684-AC32-8657FFBFB866}"
EndProject
Global
	GlobalSection(SolutionConfigurationPlatforms) = preSolution
		Debug|Any CPU = Debug|Any CPU
		Release|Any CPU = Release|Any CPU
	EndGlobalSection
	GlobalSection(ProjectConfigurationPlatforms) = postSolution
		{48CC4428-0AA7-48F1-9067-9B9E88D92F77}.Debug|Any CPU.ActiveCfg = Debug|Any CPU
		{48CC4428-0AA7-48F1-9067-9B9E88D92F77}.Debug|Any CPU.Build.0 = Debug|Any CPU
		{48CC4428-0AA7-48F1-9067-9B9E88D92F77}.Release|Any CPU.ActiveCfg = Release|Any CPU
		{48CC4428-0AA7-48F1-9067-9B9E88D92F77}.Release|Any CPU.Build.0 = Release|Any CPU
		{7B188510-9917-4872-8A41-DA0FC386317A}.Debug|Any CPU.ActiveCfg = Debug|Any CPU
		{7B188510-9917-4872-8A41-DA0FC386317A}.Debug|Any CPU.Build.0 = Debug|Any CPU
		{7B188510-9917-4872-8A41-DA0FC386317A}.Release|Any CPU.ActiveCfg = Release|Any CPU
		{7B188510-9917-4872-8A41-DA0FC386317A}.Release|Any CPU.Build.0 = Release|Any CPU
		{4CE27718-0EF0-48C6-B3DC-D9755A0D8675}.Debug|Any CPU.ActiveCfg = Debug|Any CPU
		{4CE27718-0EF0-48C6-B3DC-D9755A0D8675}.Debug|Any CPU.Build.0 = Debug|Any CPU
		{4CE27718-0EF0-48C6-B3DC-D9755A0D8675}.Release|Any CPU.ActiveCfg = Release|Any CPU
		{4CE27718-0EF0-48C6-B3DC-D9755A0D8675}.Release|Any CPU.Build.0 = Release|Any CPU
		{D9FFA653-DADA-4684-AC32-8657FFBFB866}.Debug|Any CPU.ActiveCfg = Debug|Any CPU
		{D9FFA653-DADA-4684-AC32-8657FFBFB866}.Debug|Any CPU.Build.0 = Debug|Any CPU
		{D9FFA653-DADA-4684-AC32-8657FFBFB866}.Release|Any CPU.ActiveCfg = Release|Any CPU
		{D9FFA653-DADA-4684-AC32-8657FFBFB866}.Release|Any CPU.Build.0 = Release|Any CPU
	EndGlobalSection
	GlobalSection(SolutionProperties) = preSolution
		HideSolutionNode = FALSE
	EndGlobalSection
	GlobalSection(ExtensibilityGlobals) = postSolution
		SolutionGuid = {A8F46E60-30BB-41E5-A7FC-52DB28D999B1}
	EndGlobalSection
EndGlobal
